
Microsoft Visual Studio Solution File, Format Version 12.00
# Visual Studio Version 17
VisualStudioVersion = 17.11.35208.52
MinimumVisualStudioVersion = 10.0.40219.1
Project("{FAE04EC0-301F-11D3-BF4B-00C04F79EFBC}") = "Laboratorio1_solution", "Laboratorio1_solution\Laboratorio1_solution.csproj", "{4F55DC55-6B26-47A2-8F6E-F3B1E8245DFD}"
EndProject
Project("{FAE04EC0-301F-11D3-BF4B-00C04F79EFBC}") = "Laboratorio1_solution.Tests", "Laboratorio1_solution.Tests\Laboratorio1_solution.Tests.csproj", "{2985A7ED-7BA7-49F4-9312-E33DB422BADC}"
EndProject
Global
	GlobalSection(SolutionConfigurationPlatforms) = preSolution
		Debug|Any CPU = Debug|Any CPU
		Release|Any CPU = Release|Any CPU
	EndGlobalSection
	GlobalSection(ProjectConfigurationPlatforms) = postSolution
		{4F55DC55-6B26-47A2-8F6E-F3B1E8245DFD}.Debug|Any CPU.ActiveCfg = Debug|Any CPU
		{4F55DC55-6B26-47A2-8F6E-F3B1E8245DFD}.Debug|Any CPU.Build.0 = Debug|Any CPU
		{4F55DC55-6B26-47A2-8F6E-F3B1E8245DFD}.Release|Any CPU.ActiveCfg = Release|Any CPU
		{4F55DC55-6B26-47A2-8F6E-F3B1E8245DFD}.Release|Any CPU.Build.0 = Release|Any CPU
		{2985A7ED-7BA7-49F4-9312-E33DB422BADC}.Debug|Any CPU.ActiveCfg = Debug|Any CPU
		{2985A7ED-7BA7-49F4-9312-E33DB422BADC}.Debug|Any CPU.Build.0 = Debug|Any CPU
		{2985A7ED-7BA7-49F4-9312-E33DB422BADC}.Release|Any CPU.ActiveCfg = Release|Any CPU
		{2985A7ED-7BA7-49F4-9312-E33DB422BADC}.Release|Any CPU.Build.0 = Release|Any CPU
	EndGlobalSection
	GlobalSection(SolutionProperties) = preSolution
		HideSolutionNode = FALSE
	EndGlobalSection
	GlobalSection(ExtensibilityGlobals) = postSolution
		SolutionGuid = {F64FEC0C-79F2-434A-969A-2A7C04D8CE58}
	EndGlobalSection
EndGlobal
